base-devel
bash-language-server
bc
clang
cmake
code
discord
eza
fastfetch
fd
firefox
foot
fzf
gcc
ghostty
git
glfw
glslang
grim
gsimplecal
hypridle
hyprland
hyprpaper
iw
keyd
krita
less
lua-language-server
make
man-db
man-pages
mpv
neovim
ninja
openssh
pavucontrol
pipewire
pipewire-pulse
reaper
ripgrep
rofi
shaderc
slurp
spirv-headers
spirv-tools
starship
steam
surge-xt
swaync
tealdeer
ttf-jetbrains-mono-nerd
unzip
vulkan-headers
vulkan-tools
vulkan-utility-libraries
vulkan-validation-layers
waybar
wget
wikiman
wireless-regdb
wireplumber
wl-clipboard
yazi
zoxide
zsh
zsh-autosuggestions
zsh-doc
zsh-syntax-highlighting
