base-devel
bash-language-server
bc
clang
code
discord
eza
fastfetch
fd
firefox
foot
fzf
gcc
ghostty
git
glslang
grim
gsimplecal
hypridle
hyprland
hyprpaper
iw
keyd
krita
less
lua-language-server
make
man-db
man-pages
mpv
neovim
openssh
pavucontrol
pipewire
pipewire-pulse
reaper
ripgrep
rofi
shaderc
slurp
spirv-tools
starship
steam
surge-xt
swaync
tealdeer
ttf-jetbrains-mono-nerd
unzip
waybar
wget
wikiman
wireless-regdb
wireplumber
wl-clipboard
yazi
zoxide
zsh
zsh-autosuggestions
zsh-syntax-highlighting
